
Microsoft Visual Studio Solution File, Format Version 12.00
# Visual Studio Version 16
VisualStudioVersion = 16.0.30002.166
MinimumVisualStudioVersion = 10.0.40219.1
Project("{FAE04EC0-301F-11D3-BF4B-00C04F79EFBC}") = "s16234_cw3", "s16234_cw3\s16234_cw3.csproj", "{D94769B8-BED6-4C6B-BB08-BAAFF044CE8F}"
EndProject
Global
	GlobalSection(SolutionConfigurationPlatforms) = preSolution
		Debug|Any CPU = Debug|Any CPU
		Release|Any CPU = Release|Any CPU
	EndGlobalSection
	GlobalSection(ProjectConfigurationPlatforms) = postSolution
		{D94769B8-BED6-4C6B-BB08-BAAFF044CE8F}.Debug|Any CPU.ActiveCfg = Debug|Any CPU
		{D94769B8-BED6-4C6B-BB08-BAAFF044CE8F}.Debug|Any CPU.Build.0 = Debug|Any CPU
		{D94769B8-BED6-4C6B-BB08-BAAFF044CE8F}.Release|Any CPU.ActiveCfg = Release|Any CPU
		{D94769B8-BED6-4C6B-BB08-BAAFF044CE8F}.Release|Any CPU.Build.0 = Release|Any CPU
	EndGlobalSection
	GlobalSection(SolutionProperties) = preSolution
		HideSolutionNode = FALSE
	EndGlobalSection
	GlobalSection(ExtensibilityGlobals) = postSolution
		SolutionGuid = {C9935CEF-A7EE-42D5-A468-825DE8C6CDF7}
	EndGlobalSection
EndGlobal
